{
    "_meta": {
        "hash": {
            "sha256": "de993546c4636ffe4e6827343b5fcf4e30b5e278506b2e6babc1a31ead7e4422"
        },
        "pipfile-spec": 6,
        "requires": {
            "python_full_version": "3.14.2",
            "python_version": "3.14"
        },
        "sources": [
            {
                "name": "pypi",
                "url": "https://pypi.org/simple",
                "verify_ssl": true
            }
        ]
    },
    "default": {
        "asgiref": {
            "hashes": [
                "sha256:5f184dc43b7e763efe848065441eac62229c9f7b0475f41f80e207a114eda4ce",
                "sha256:e8667a091e69529631969fd45dc268fa79b99c92c5fcdda727757e52146ec133"
            ],
            "markers": "python_version >= '3.9'",
            "version": "==3.11.1"
        },
        "django": {
            "hashes": [
                "sha256:3046a53b0e40d4b676c3b774c73411d7184ae2745fe8ce5e45c0f33d3ddb71a7",
                "sha256:610dd3b13d15ec3f1e1d257caedd751db8033c5ad8ea0e2d1219a8acf446ecc6"
            ],
            "index": "pypi",
            "markers": "python_version >= '3.12'",
            "version": "==6.0.2"
        },
        "django-filter": {
            "hashes": [
                "sha256:760e984a931f4468d096f5541787efb8998c61217b73006163bf2f9523fe8f23",
                "sha256:9c0f8609057309bba611062fe1b720b4a873652541192d232dd28970383633e3"
            ],
            "index": "pypi",
            "markers": "python_version >= '3.10'",
            "version": "==25.2"
        },
        "django-htmx": {
            "hashes": [
                "sha256:036e5da801bfdf5f1ca815f21592cfb9f004a898f330c842f15e55c70e301a75",
                "sha256:13e1e13b87d39b57f95aae6e4987cb3df056d0b1373a41f4a94504a00298ffd8"
            ],
            "index": "pypi",
            "markers": "python_version >= '3.10'",
            "version": "==1.27.0"
        },
        "django-widget-tweaks": {
            "hashes": [
                "sha256:084acc9eeb5a3208f2670522de6284287973e54d54488ce6d402f4b99bc5f452",
                "sha256:3f5080f8365740fc1c14607498c975cbfed896dd0c40e1b563095716ee31e3b5"
            ],
            "index": "pypi",
            "markers": "python_version >= '3.9'",
            "version": "==1.5.1"
        },
        "sqlparse": {
            "hashes": [
                "sha256:12a08b3bf3eec877c519589833aed092e2444e68240a3577e8e26148acc7b1ba",
                "sha256:e20d4a9b0b8585fdf63b10d30066c7c94c5d7a7ec47c889a2d83a3caa93ff28e"
            ],
            "markers": "python_version >= '3.8'",
            "version": "==0.5.5"
        }
    },
    "develop": {}
}
