{
    "_meta": {
        "hash": {
            "sha256": "c0699fb45e9510b2ef026414d12f670f4ad4129ba0ae7a6e72c64a5ae6a3374a"
        },
        "pipfile-spec": 6,
        "requires": {
            "python_full_version": "3.14.2",
            "python_version": "3.14"
        },
        "sources": [
            {
                "name": "pypi",
                "url": "https://pypi.org/simple",
                "verify_ssl": true
            }
        ]
    },
    "default": {
        "asgiref": {
            "hashes": [
                "sha256:5f184dc43b7e763efe848065441eac62229c9f7b0475f41f80e207a114eda4ce",
                "sha256:e8667a091e69529631969fd45dc268fa79b99c92c5fcdda727757e52146ec133"
            ],
            "markers": "python_version >= '3.9'",
            "version": "==3.11.1"
        },
        "django": {
            "hashes": [
                "sha256:3046a53b0e40d4b676c3b774c73411d7184ae2745fe8ce5e45c0f33d3ddb71a7",
                "sha256:610dd3b13d15ec3f1e1d257caedd751db8033c5ad8ea0e2d1219a8acf446ecc6"
            ],
            "index": "pypi",
            "markers": "python_version >= '3.12'",
            "version": "==6.0.2"
        },
        "django-bootstrap5": {
            "hashes": [
                "sha256:12331059c8230ba372ffaad990a706151e1ad8f721a870aa2e862cf6746f0d33",
                "sha256:179af37c59f4e9b1070fc650f30961c5d903c2c0ad60280ad5b63ed394f68658"
            ],
            "index": "pypi",
            "markers": "python_version >= '3.10'",
            "version": "==26.2"
        },
        "django-tables2": {
            "hashes": [
                "sha256:0dea3401bb99a0164ba09e20d59a7d90856fdc05e5ae2da9a14d0fa14d99257c",
                "sha256:860633b0f448216af73fca6005c7e38dc9b46931dc36c08a9281a71ee250b1ee"
            ],
            "index": "pypi",
            "markers": "python_version >= '3.9'",
            "version": "==2.8.0"
        },
        "sqlparse": {
            "hashes": [
                "sha256:12a08b3bf3eec877c519589833aed092e2444e68240a3577e8e26148acc7b1ba",
                "sha256:e20d4a9b0b8585fdf63b10d30066c7c94c5d7a7ec47c889a2d83a3caa93ff28e"
            ],
            "markers": "python_version >= '3.8'",
            "version": "==0.5.5"
        }
    },
    "develop": {}
}
