{
    "_meta": {
        "hash": {
            "sha256": "b49c7370e8c2f7b4cdbb6d11c11e70ddbd0ef9689289165f41874a46d5e9f6e0"
        },
        "pipfile-spec": 6,
        "requires": {
            "python_full_version": "3.14.2",
            "python_version": "3.14"
        },
        "sources": [
            {
                "name": "pypi",
                "url": "https://pypi.org/simple",
                "verify_ssl": true
            }
        ]
    },
    "default": {
        "asgiref": {
            "hashes": [
                "sha256:5f184dc43b7e763efe848065441eac62229c9f7b0475f41f80e207a114eda4ce",
                "sha256:e8667a091e69529631969fd45dc268fa79b99c92c5fcdda727757e52146ec133"
            ],
            "markers": "python_version >= '3.9'",
            "version": "==3.11.1"
        },
        "django": {
            "hashes": [
                "sha256:3046a53b0e40d4b676c3b774c73411d7184ae2745fe8ce5e45c0f33d3ddb71a7",
                "sha256:610dd3b13d15ec3f1e1d257caedd751db8033c5ad8ea0e2d1219a8acf446ecc6"
            ],
            "index": "pypi",
            "markers": "python_version >= '3.12'",
            "version": "==6.0.2"
        },
        "django-filter": {
            "hashes": [
                "sha256:760e984a931f4468d096f5541787efb8998c61217b73006163bf2f9523fe8f23",
                "sha256:9c0f8609057309bba611062fe1b720b4a873652541192d232dd28970383633e3"
            ],
            "index": "pypi",
            "markers": "python_version >= '3.10'",
            "version": "==25.2"
        },
        "django-htmx": {
            "hashes": [
                "sha256:036e5da801bfdf5f1ca815f21592cfb9f004a898f330c842f15e55c70e301a75",
                "sha256:13e1e13b87d39b57f95aae6e4987cb3df056d0b1373a41f4a94504a00298ffd8"
            ],
            "index": "pypi",
            "markers": "python_version >= '3.10'",
            "version": "==1.27.0"
        },
        "django-widget-tweaks": {
            "hashes": [
                "sha256:084acc9eeb5a3208f2670522de6284287973e54d54488ce6d402f4b99bc5f452",
                "sha256:3f5080f8365740fc1c14607498c975cbfed896dd0c40e1b563095716ee31e3b5"
            ],
            "index": "pypi",
            "markers": "python_version >= '3.9'",
            "version": "==1.5.1"
        },
        "factory-boy": {
            "hashes": [
                "sha256:1c39e3289f7e667c4285433f305f8d506efc2fe9c73aaea4151ebd5cdea394fc",
                "sha256:866862d226128dfac7f2b4160287e899daf54f2612778327dd03d0e2cb1e3d03"
            ],
            "index": "pypi",
            "markers": "python_version >= '3.8'",
            "version": "==3.3.3"
        },
        "faker": {
            "hashes": [
                "sha256:70222361cd82aa10cb86066d1a4e8f47f2bcdc919615c412045a69c4e6da0cd3",
                "sha256:c69640c1e13bad49b4bcebcbf1b52f9f1a872b6ea186c248ada34d798f1661bf"
            ],
            "markers": "python_version >= '3.10'",
            "version": "==40.5.1"
        },
        "iniconfig": {
            "hashes": [
                "sha256:c76315c77db068650d49c5b56314774a7804df16fee4402c1f19d6d15d8c4730",
                "sha256:f631c04d2c48c52b84d0d0549c99ff3859c98df65b3101406327ecc7d53fbf12"
            ],
            "markers": "python_version >= '3.10'",
            "version": "==2.3.0"
        },
        "packaging": {
            "hashes": [
                "sha256:00243ae351a257117b6a241061796684b084ed1c516a08c48a3f7e147a9d80b4",
                "sha256:b36f1fef9334a5588b4166f8bcd26a14e521f2b55e6b9de3aaa80d3ff7a37529"
            ],
            "markers": "python_version >= '3.8'",
            "version": "==26.0"
        },
        "pluggy": {
            "hashes": [
                "sha256:7dcc130b76258d33b90f61b658791dede3486c3e6bfb003ee5c9bfb396dd22f3",
                "sha256:e920276dd6813095e9377c0bc5566d94c932c33b27a3e3945d8389c374dd4746"
            ],
            "markers": "python_version >= '3.9'",
            "version": "==1.6.0"
        },
        "pygments": {
            "hashes": [
                "sha256:636cb2477cec7f8952536970bc533bc43743542f70392ae026374600add5b887",
                "sha256:86540386c03d588bb81d44bc3928634ff26449851e99741617ecb9037ee5ec0b"
            ],
            "markers": "python_version >= '3.8'",
            "version": "==2.19.2"
        },
        "pytest": {
            "hashes": [
                "sha256:711ffd45bf766d5264d487b917733b453d917afd2b0ad65223959f59089f875b",
                "sha256:75186651a92bd89611d1d9fc20f0b4345fd827c41ccd5c299a868a05d70edf11"
            ],
            "index": "pypi",
            "markers": "python_version >= '3.10'",
            "version": "==9.0.2"
        },
        "pytest-django": {
            "hashes": [
                "sha256:3ff300c49f8350ba2953b90297d23bf5f589db69545f56f1ec5f8cff5da83e85",
                "sha256:df94ec819a83c8979c8f6de13d9cdfbe76e8c21d39473cfe2b40c9fc9be3c758"
            ],
            "index": "pypi",
            "markers": "python_version >= '3.10'",
            "version": "==4.12.0"
        },
        "sqlparse": {
            "hashes": [
                "sha256:12a08b3bf3eec877c519589833aed092e2444e68240a3577e8e26148acc7b1ba",
                "sha256:e20d4a9b0b8585fdf63b10d30066c7c94c5d7a7ec47c889a2d83a3caa93ff28e"
            ],
            "markers": "python_version >= '3.8'",
            "version": "==0.5.5"
        }
    },
    "develop": {
        "asgiref": {
            "hashes": [
                "sha256:5f184dc43b7e763efe848065441eac62229c9f7b0475f41f80e207a114eda4ce",
                "sha256:e8667a091e69529631969fd45dc268fa79b99c92c5fcdda727757e52146ec133"
            ],
            "markers": "python_version >= '3.9'",
            "version": "==3.11.1"
        },
        "django": {
            "hashes": [
                "sha256:3046a53b0e40d4b676c3b774c73411d7184ae2745fe8ce5e45c0f33d3ddb71a7",
                "sha256:610dd3b13d15ec3f1e1d257caedd751db8033c5ad8ea0e2d1219a8acf446ecc6"
            ],
            "index": "pypi",
            "markers": "python_version >= '3.12'",
            "version": "==6.0.2"
        },
        "django-debug-toolbar": {
            "hashes": [
                "sha256:1575461954e6befa720e999dec13fe4f1cc8baf40b6c3ac2aec5f340c0f9c85f",
                "sha256:dc1c174d8fb0ea01435e02d9ceef735cf62daf37c1a6a5692d33b4127327679b"
            ],
            "index": "pypi",
            "markers": "python_version >= '3.10'",
            "version": "==6.2.0"
        },
        "sqlparse": {
            "hashes": [
                "sha256:12a08b3bf3eec877c519589833aed092e2444e68240a3577e8e26148acc7b1ba",
                "sha256:e20d4a9b0b8585fdf63b10d30066c7c94c5d7a7ec47c889a2d83a3caa93ff28e"
            ],
            "markers": "python_version >= '3.8'",
            "version": "==0.5.5"
        }
    }
}
